
Microsoft Visual Studio Solution File, Format Version 9.00
# Visual Studio 2005
Project("{FAE04EC0-301F-11D3-BF4B-00C04F79EFBC}") = "LibOpenSCL", "LibOpenSCL\LibOpenSCL.csproj", "{650D7F8F-4B20-4AC4-A707-E2AA42340EE0}"
EndProject
Project("{9344bdbb-3e7f-41fc-a0dd-8665d75ee146}") = "Packages", "Packages.mdproj", "{FD95EEF2-2B36-4429-9CC9-66A62F6B8B82}"
EndProject
Project("{9344bdbb-3e7f-41fc-a0dd-8665d75ee146}") = "LibOpenSCLTranslation", "LibOpenSCLTranslation\LibOpenSCLTranslation.mdproj", "{861F5C0C-6B73-4690-AF85-67322DD2EB42}"
EndProject
Project("{FAE04EC0-301F-11D3-BF4B-00C04F79EFBC}") = "OpenSCLConfigurator_console", "OpenSCLConfigurator_console\OpenSCLConfigurator_console.csproj", "{8A3B60F8-432B-44EF-9CC6-89983559A683}"
EndProject
Project("{9344bdbb-3e7f-41fc-a0dd-8665d75ee146}") = "OpenSCLConfigurator_consoleTranslation", "OpenSCLConfigurator_consoleTranslation\OpenSCLConfigurator_consoleTranslation.mdproj", "{C6A838C3-5844-4D0B-A056-BC5AB105ED8C}"
EndProject
Global
	GlobalSection(SolutionConfigurationPlatforms) = preSolution
		Debug|Any CPU = Debug|Any CPU
		Release|Any CPU = Release|Any CPU
	EndGlobalSection
	GlobalSection(ProjectConfigurationPlatforms) = postSolution
		{650D7F8F-4B20-4AC4-A707-E2AA42340EE0}.Debug|Any CPU.ActiveCfg = Debug|Any CPU
		{650D7F8F-4B20-4AC4-A707-E2AA42340EE0}.Debug|Any CPU.Build.0 = Debug|Any CPU
		{650D7F8F-4B20-4AC4-A707-E2AA42340EE0}.Release|Any CPU.ActiveCfg = Release|Any CPU
		{650D7F8F-4B20-4AC4-A707-E2AA42340EE0}.Release|Any CPU.Build.0 = Release|Any CPU
		{861F5C0C-6B73-4690-AF85-67322DD2EB42}.Debug|Any CPU.ActiveCfg = Debug|Any CPU
		{861F5C0C-6B73-4690-AF85-67322DD2EB42}.Debug|Any CPU.Build.0 = Debug|Any CPU
		{861F5C0C-6B73-4690-AF85-67322DD2EB42}.Release|Any CPU.ActiveCfg = Release|Any CPU
		{861F5C0C-6B73-4690-AF85-67322DD2EB42}.Release|Any CPU.Build.0 = Release|Any CPU
		{8A3B60F8-432B-44EF-9CC6-89983559A683}.Debug|Any CPU.ActiveCfg = Debug|Any CPU
		{8A3B60F8-432B-44EF-9CC6-89983559A683}.Debug|Any CPU.Build.0 = Debug|Any CPU
		{8A3B60F8-432B-44EF-9CC6-89983559A683}.Release|Any CPU.ActiveCfg = Release|Any CPU
		{8A3B60F8-432B-44EF-9CC6-89983559A683}.Release|Any CPU.Build.0 = Release|Any CPU
		{C6A838C3-5844-4D0B-A056-BC5AB105ED8C}.Debug|Any CPU.ActiveCfg = Debug|Any CPU
		{C6A838C3-5844-4D0B-A056-BC5AB105ED8C}.Debug|Any CPU.Build.0 = Debug|Any CPU
		{C6A838C3-5844-4D0B-A056-BC5AB105ED8C}.Release|Any CPU.ActiveCfg = Release|Any CPU
		{C6A838C3-5844-4D0B-A056-BC5AB105ED8C}.Release|Any CPU.Build.0 = Release|Any CPU
		{FD95EEF2-2B36-4429-9CC9-66A62F6B8B82}.Debug|Any CPU.ActiveCfg = Debug|Any CPU
		{FD95EEF2-2B36-4429-9CC9-66A62F6B8B82}.Debug|Any CPU.Build.0 = Debug|Any CPU
		{FD95EEF2-2B36-4429-9CC9-66A62F6B8B82}.Release|Any CPU.ActiveCfg = Release|Any CPU
		{FD95EEF2-2B36-4429-9CC9-66A62F6B8B82}.Release|Any CPU.Build.0 = Release|Any CPU
	EndGlobalSection
	GlobalSection(MonoDevelopProperties) = preSolution
		version = 0.1
		StartupItem = LibOpenSCL\LibOpenSCL.csproj
	EndGlobalSection
EndGlobal
