
Microsoft Visual Studio Solution File, Format Version 10.00
# Visual Studio 2008
Project("{FAE04EC0-301F-11D3-BF4B-00C04F79EFBC}") = "LibOpenSCL", "LibOpenSCL\LibOpenSCL.csproj", "{5BBE0EEF-4DDA-482F-AA3B-4B7FBE1C02EE}"
EndProject
Project("{FAE04EC0-301F-11D3-BF4B-00C04F79EFBC}") = "LibOpenSCLUI", "LibOpenSCLUI\LibOpenSCLUI.csproj", "{766E7582-B924-482A-887B-3E754B895B8F}"
EndProject
Project("{FAE04EC0-301F-11D3-BF4B-00C04F79EFBC}") = "OpenSCLConfigurator", "OpenSCLConfigurator\OpenSCLConfigurator.csproj", "{AF2288C9-4A86-4343-876C-FE54FCD68039}"
EndProject
Project("{FAE04EC0-301F-11D3-BF4B-00C04F79EFBC}") = "OpenSCLConfigurator_console", "OpenSCLConfigurator_console\OpenSCLConfigurator_console.csproj", "{0ED27B84-87DA-49A6-9815-1F02C07230B0}"
EndProject
Project("{FAE04EC0-301F-11D3-BF4B-00C04F79EFBC}") = "OpenSCLConfiguratorGTK", "OpenSCLConfiguratorGTK\OpenSCLConfiguratorGTK.csproj", "{ADE5C371-D9F2-47E5-8425-3F47D0947B72}"
EndProject
Project("{9344bdbb-3e7f-41fc-a0dd-8665d75ee146}") = "OpenSCLConfiguratorGTKTranslation", "OpenSCLConfiguratorGTKTranslation\OpenSCLConfiguratorGTKTranslation.mdproj", "{7060C4C0-3D61-4461-85E3-972A6C847DA3}"
EndProject
Project("{FAE04EC0-301F-11D3-BF4B-00C04F79EFBC}") = "LibOpenSCLUIGtk", "LibOpenSCLUIGtk\LibOpenSCLUIGtk.csproj", "{7F861682-AEE9-400D-8491-16901A10259A}"
EndProject
Project("{9344bdbb-3e7f-41fc-a0dd-8665d75ee146}") = "LibOpenSCLUIGtkTranslation", "LibOpenSCLUIGtkTranslation\LibOpenSCLUIGtkTranslation.mdproj", "{2ED47185-BDA1-417B-B61B-FF3A7FE90E8B}"
EndProject
Global
	GlobalSection(SolutionConfigurationPlatforms) = preSolution
		Debug|Any CPU = Debug|Any CPU
		Release|Any CPU = Release|Any CPU
	EndGlobalSection
	GlobalSection(ProjectConfigurationPlatforms) = postSolution
		{0ED27B84-87DA-49A6-9815-1F02C07230B0}.Debug|Any CPU.ActiveCfg = Debug|Any CPU
		{0ED27B84-87DA-49A6-9815-1F02C07230B0}.Debug|Any CPU.Build.0 = Debug|Any CPU
		{0ED27B84-87DA-49A6-9815-1F02C07230B0}.Release|Any CPU.ActiveCfg = Release|Any CPU
		{0ED27B84-87DA-49A6-9815-1F02C07230B0}.Release|Any CPU.Build.0 = Release|Any CPU
		{2ED47185-BDA1-417B-B61B-FF3A7FE90E8B}.Debug|Any CPU.ActiveCfg = Debug|Any CPU
		{2ED47185-BDA1-417B-B61B-FF3A7FE90E8B}.Release|Any CPU.ActiveCfg = Release|Any CPU
		{5BBE0EEF-4DDA-482F-AA3B-4B7FBE1C02EE}.Debug|Any CPU.ActiveCfg = Debug|Any CPU
		{5BBE0EEF-4DDA-482F-AA3B-4B7FBE1C02EE}.Release|Any CPU.ActiveCfg = Release|Any CPU
		{7060C4C0-3D61-4461-85E3-972A6C847DA3}.Debug|Any CPU.ActiveCfg = Debug|Any CPU
		{7060C4C0-3D61-4461-85E3-972A6C847DA3}.Release|Any CPU.ActiveCfg = Release|Any CPU
		{766E7582-B924-482A-887B-3E754B895B8F}.Debug|Any CPU.ActiveCfg = Debug|Any CPU
		{766E7582-B924-482A-887B-3E754B895B8F}.Release|Any CPU.ActiveCfg = Release|Any CPU
		{7F861682-AEE9-400D-8491-16901A10259A}.Debug|Any CPU.ActiveCfg = Debug|Any CPU
		{7F861682-AEE9-400D-8491-16901A10259A}.Debug|Any CPU.Build.0 = Debug|Any CPU
		{7F861682-AEE9-400D-8491-16901A10259A}.Release|Any CPU.ActiveCfg = Release|Any CPU
		{7F861682-AEE9-400D-8491-16901A10259A}.Release|Any CPU.Build.0 = Release|Any CPU
		{ADE5C371-D9F2-47E5-8425-3F47D0947B72}.Debug|Any CPU.ActiveCfg = Debug|Any CPU
		{ADE5C371-D9F2-47E5-8425-3F47D0947B72}.Debug|Any CPU.Build.0 = Debug|Any CPU
		{ADE5C371-D9F2-47E5-8425-3F47D0947B72}.Release|Any CPU.ActiveCfg = Release|Any CPU
		{ADE5C371-D9F2-47E5-8425-3F47D0947B72}.Release|Any CPU.Build.0 = Release|Any CPU
		{AF2288C9-4A86-4343-876C-FE54FCD68039}.Debug|Any CPU.ActiveCfg = Debug|Any CPU
		{AF2288C9-4A86-4343-876C-FE54FCD68039}.Release|Any CPU.ActiveCfg = Release|Any CPU
	EndGlobalSection
	GlobalSection(MonoDevelopProperties) = preSolution
		StartupItem = LibOpenSCL\LibOpenSCL.csproj
	EndGlobalSection
EndGlobal
